// !$*UTF8*$!
{
	archiveVersion = 1;
	classes = {
	};
	objectVersion = 55;
	objects = {

/* Begin PBXBuildFile section */
		BC3F94502859E99A005836FD /* LoginViewController.swift in Sources */ = {isa = PBXBuildFile; fileRef = BC3F944F2859E99A005836FD /* LoginViewController.swift */; };
		BC3F94522859EA36005836FD /* Label.swift in Sources */ = {isa = PBXBuildFile; fileRef = BC3F94512859EA36005836FD /* Label.swift */; };
		BC3F94552859EA7C005836FD /* Color.swift in Sources */ = {isa = PBXBuildFile; fileRef = BC3F94542859EA7C005836FD /* Color.swift */; };
		BC3F94572859EB04005836FD /* LoginView.swift in Sources */ = {isa = PBXBuildFile; fileRef = BC3F94562859EB04005836FD /* LoginView.swift */; };
		BC3F94592859EB0D005836FD /* LoginViewModel.swift in Sources */ = {isa = PBXBuildFile; fileRef = BC3F94582859EB0D005836FD /* LoginViewModel.swift */; };
		BC3F945B2859EB5C005836FD /* TextField.swift in Sources */ = {isa = PBXBuildFile; fileRef = BC3F945A2859EB5C005836FD /* TextField.swift */; };
		BC3F945D2859EB87005836FD /* Button.swift in Sources */ = {isa = PBXBuildFile; fileRef = BC3F945C2859EB87005836FD /* Button.swift */; };
		BC3F94602859F788005836FD /* HorizontalCollectionView.swift in Sources */ = {isa = PBXBuildFile; fileRef = BC3F945F2859F788005836FD /* HorizontalCollectionView.swift */; };
		BC3F94622859F7A8005836FD /* HorizontalCollectionViewCell.swift in Sources */ = {isa = PBXBuildFile; fileRef = BC3F94612859F7A8005836FD /* HorizontalCollectionViewCell.swift */; };
		BC3F94642859F7DA005836FD /* HorizontalCollectionViewDataSource.swift in Sources */ = {isa = PBXBuildFile; fileRef = BC3F94632859F7DA005836FD /* HorizontalCollectionViewDataSource.swift */; };
		BC7655B8285637C7004EF0A4 /* AppDelegate.swift in Sources */ = {isa = PBXBuildFile; fileRef = BC7655B7285637C7004EF0A4 /* AppDelegate.swift */; };
		BC7655BA285637C7004EF0A4 /* SceneDelegate.swift in Sources */ = {isa = PBXBuildFile; fileRef = BC7655B9285637C7004EF0A4 /* SceneDelegate.swift */; };
		BC7655BF285637C7004EF0A4 /* Main.storyboard in Resources */ = {isa = PBXBuildFile; fileRef = BC7655BD285637C7004EF0A4 /* Main.storyboard */; };
		BC7655C1285637C9004EF0A4 /* Assets.xcassets in Resources */ = {isa = PBXBuildFile; fileRef = BC7655C0285637C9004EF0A4 /* Assets.xcassets */; };
		BC7655C4285637C9004EF0A4 /* LaunchScreen.storyboard in Resources */ = {isa = PBXBuildFile; fileRef = BC7655C2285637C9004EF0A4 /* LaunchScreen.storyboard */; };
		BC7655CE28563857004EF0A4 /* StackView.swift in Sources */ = {isa = PBXBuildFile; fileRef = BC7655CD28563857004EF0A4 /* StackView.swift */; };
		BC7655D12856388C004EF0A4 /* BaseView.swift in Sources */ = {isa = PBXBuildFile; fileRef = BC7655D02856388C004EF0A4 /* BaseView.swift */; };
		BC7655D32856389F004EF0A4 /* BaseViewController.swift in Sources */ = {isa = PBXBuildFile; fileRef = BC7655D22856389F004EF0A4 /* BaseViewController.swift */; };
		BC7655D5285638C7004EF0A4 /* BaseViewModel.swift in Sources */ = {isa = PBXBuildFile; fileRef = BC7655D4285638C7004EF0A4 /* BaseViewModel.swift */; };
/* End PBXBuildFile section */

/* Begin PBXFileReference section */
		BC3F944F2859E99A005836FD /* LoginViewController.swift */ = {isa = PBXFileReference; lastKnownFileType = sourcecode.swift; path = LoginViewController.swift; sourceTree = "<group>"; };
		BC3F94512859EA36005836FD /* Label.swift */ = {isa = PBXFileReference; lastKnownFileType = sourcecode.swift; path = Label.swift; sourceTree = "<group>"; };
		BC3F94542859EA7C005836FD /* Color.swift */ = {isa = PBXFileReference; lastKnownFileType = sourcecode.swift; path = Color.swift; sourceTree = "<group>"; };
		BC3F94562859EB04005836FD /* LoginView.swift */ = {isa = PBXFileReference; lastKnownFileType = sourcecode.swift; path = LoginView.swift; sourceTree = "<group>"; };
		BC3F94582859EB0D005836FD /* LoginViewModel.swift */ = {isa = PBXFileReference; lastKnownFileType = sourcecode.swift; path = LoginViewModel.swift; sourceTree = "<group>"; };
		BC3F945A2859EB5C005836FD /* TextField.swift */ = {isa = PBXFileReference; lastKnownFileType = sourcecode.swift; path = TextField.swift; sourceTree = "<group>"; };
		BC3F945C2859EB87005836FD /* Button.swift */ = {isa = PBXFileReference; lastKnownFileType = sourcecode.swift; path = Button.swift; sourceTree = "<group>"; };
		BC3F945F2859F788005836FD /* HorizontalCollectionView.swift */ = {isa = PBXFileReference; lastKnownFileType = sourcecode.swift; path = HorizontalCollectionView.swift; sourceTree = "<group>"; };
		BC3F94612859F7A8005836FD /* HorizontalCollectionViewCell.swift */ = {isa = PBXFileReference; lastKnownFileType = sourcecode.swift; path = HorizontalCollectionViewCell.swift; sourceTree = "<group>"; };
		BC3F94632859F7DA005836FD /* HorizontalCollectionViewDataSource.swift */ = {isa = PBXFileReference; lastKnownFileType = sourcecode.swift; path = HorizontalCollectionViewDataSource.swift; sourceTree = "<group>"; };
		BC7655B4285637C7004EF0A4 /* FubsTask.app */ = {isa = PBXFileReference; explicitFileType = wrapper.application; includeInIndex = 0; path = FubsTask.app; sourceTree = BUILT_PRODUCTS_DIR; };
		BC7655B7285637C7004EF0A4 /* AppDelegate.swift */ = {isa = PBXFileReference; lastKnownFileType = sourcecode.swift; path = AppDelegate.swift; sourceTree = "<group>"; };
		BC7655B9285637C7004EF0A4 /* SceneDelegate.swift */ = {isa = PBXFileReference; lastKnownFileType = sourcecode.swift; path = SceneDelegate.swift; sourceTree = "<group>"; };
		BC7655BE285637C7004EF0A4 /* Base */ = {isa = PBXFileReference; lastKnownFileType = file.storyboard; name = Base; path = Base.lproj/Main.storyboard; sourceTree = "<group>"; };
		BC7655C0285637C9004EF0A4 /* Assets.xcassets */ = {isa = PBXFileReference; lastKnownFileType = folder.assetcatalog; path = Assets.xcassets; sourceTree = "<group>"; };
		BC7655C3285637C9004EF0A4 /* Base */ = {isa = PBXFileReference; lastKnownFileType = file.storyboard; name = Base; path = Base.lproj/LaunchScreen.storyboard; sourceTree = "<group>"; };
		BC7655C5285637C9004EF0A4 /* Info.plist */ = {isa = PBXFileReference; lastKnownFileType = text.plist.xml; path = Info.plist; sourceTree = "<group>"; };
		BC7655CD28563857004EF0A4 /* StackView.swift */ = {isa = PBXFileReference; lastKnownFileType = sourcecode.swift; path = StackView.swift; sourceTree = "<group>"; };
		BC7655D02856388C004EF0A4 /* BaseView.swift */ = {isa = PBXFileReference; lastKnownFileType = sourcecode.swift; path = BaseView.swift; sourceTree = "<group>"; };
		BC7655D22856389F004EF0A4 /* BaseViewController.swift */ = {isa = PBXFileReference; lastKnownFileType = sourcecode.swift; path = BaseViewController.swift; sourceTree = "<group>"; };
		BC7655D4285638C7004EF0A4 /* BaseViewModel.swift */ = {isa = PBXFileReference; lastKnownFileType = sourcecode.swift; path = BaseViewModel.swift; sourceTree = "<group>"; };
/* End PBXFileReference section */

/* Begin PBXFrameworksBuildPhase section */
		BC7655B1285637C7004EF0A4 /* Frameworks */ = {
			isa = PBXFrameworksBuildPhase;
			buildActionMask = 2147483647;
			files = (
			);
			runOnlyForDeploymentPostprocessing = 0;
		};
/* End PBXFrameworksBuildPhase section */

/* Begin PBXGroup section */
		BC3F944E2859E982005836FD /* Login */ = {
			isa = PBXGroup;
			children = (
				BC3F944F2859E99A005836FD /* LoginViewController.swift */,
				BC3F94562859EB04005836FD /* LoginView.swift */,
				BC3F94582859EB0D005836FD /* LoginViewModel.swift */,
			);
			path = Login;
			sourceTree = "<group>";
		};
		BC3F94532859EA72005836FD /* Extension */ = {
			isa = PBXGroup;
			children = (
				BC3F94542859EA7C005836FD /* Color.swift */,
			);
			path = Extension;
			sourceTree = "<group>";
		};
		BC3F945E2859F769005836FD /* HorizontalCollectionView */ = {
			isa = PBXGroup;
			children = (
				BC3F945F2859F788005836FD /* HorizontalCollectionView.swift */,
				BC3F94612859F7A8005836FD /* HorizontalCollectionViewCell.swift */,
				BC3F94632859F7DA005836FD /* HorizontalCollectionViewDataSource.swift */,
			);
			path = HorizontalCollectionView;
			sourceTree = "<group>";
		};
		BC7655AB285637C7004EF0A4 = {
			isa = PBXGroup;
			children = (
				BC7655B6285637C7004EF0A4 /* FubsTask */,
				BC7655B5285637C7004EF0A4 /* Products */,
			);
			sourceTree = "<group>";
		};
		BC7655B5285637C7004EF0A4 /* Products */ = {
			isa = PBXGroup;
			children = (
				BC7655B4285637C7004EF0A4 /* FubsTask.app */,
			);
			name = Products;
			sourceTree = "<group>";
		};
		BC7655B6285637C7004EF0A4 /* FubsTask */ = {
			isa = PBXGroup;
			children = (
				BC3F94532859EA72005836FD /* Extension */,
				BC7655CC28563813004EF0A4 /* Components */,
				BC7655CB285637FD004EF0A4 /* Screens */,
				BC7655B7285637C7004EF0A4 /* AppDelegate.swift */,
				BC7655B9285637C7004EF0A4 /* SceneDelegate.swift */,
				BC7655BD285637C7004EF0A4 /* Main.storyboard */,
				BC7655C0285637C9004EF0A4 /* Assets.xcassets */,
				BC7655C2285637C9004EF0A4 /* LaunchScreen.storyboard */,
				BC7655C5285637C9004EF0A4 /* Info.plist */,
			);
			path = FubsTask;
			sourceTree = "<group>";
		};
		BC7655CB285637FD004EF0A4 /* Screens */ = {
			isa = PBXGroup;
			children = (
				BC3F944E2859E982005836FD /* Login */,
				BC7655CF28563876004EF0A4 /* Base */,
			);
			path = Screens;
			sourceTree = "<group>";
		};
		BC7655CC28563813004EF0A4 /* Components */ = {
			isa = PBXGroup;
			children = (
				BC3F945E2859F769005836FD /* HorizontalCollectionView */,
				BC7655CD28563857004EF0A4 /* StackView.swift */,
				BC3F94512859EA36005836FD /* Label.swift */,
				BC3F945A2859EB5C005836FD /* TextField.swift */,
				BC3F945C2859EB87005836FD /* Button.swift */,
			);
			path = Components;
			sourceTree = "<group>";
		};
		BC7655CF28563876004EF0A4 /* Base */ = {
			isa = PBXGroup;
			children = (
				BC7655D02856388C004EF0A4 /* BaseView.swift */,
				BC7655D22856389F004EF0A4 /* BaseViewController.swift */,
				BC7655D4285638C7004EF0A4 /* BaseViewModel.swift */,
			);
			path = Base;
			sourceTree = "<group>";
		};
/* End PBXGroup section */

/* Begin PBXNativeTarget section */
		BC7655B3285637C7004EF0A4 /* FubsTask */ = {
			isa = PBXNativeTarget;
			buildConfigurationList = BC7655C8285637C9004EF0A4 /* Build configuration list for PBXNativeTarget "FubsTask" */;
			buildPhases = (
				BC7655B0285637C7004EF0A4 /* Sources */,
				BC7655B1285637C7004EF0A4 /* Frameworks */,
				BC7655B2285637C7004EF0A4 /* Resources */,
			);
			buildRules = (
			);
			dependencies = (
			);
			name = FubsTask;
			productName = FubsTask;
			productReference = BC7655B4285637C7004EF0A4 /* FubsTask.app */;
			productType = "com.apple.product-type.application";
		};
/* End PBXNativeTarget section */

/* Begin PBXProject section */
		BC7655AC285637C7004EF0A4 /* Project object */ = {
			isa = PBXProject;
			attributes = {
				BuildIndependentTargetsInParallel = 1;
				LastSwiftUpdateCheck = 1330;
				LastUpgradeCheck = 1330;
				TargetAttributes = {
					BC7655B3285637C7004EF0A4 = {
						CreatedOnToolsVersion = 13.3.1;
					};
				};
			};
			buildConfigurationList = BC7655AF285637C7004EF0A4 /* Build configuration list for PBXProject "FubsTask" */;
			compatibilityVersion = "Xcode 13.0";
			developmentRegion = en;
			hasScannedForEncodings = 0;
			knownRegions = (
				en,
				Base,
			);
			mainGroup = BC7655AB285637C7004EF0A4;
			productRefGroup = BC7655B5285637C7004EF0A4 /* Products */;
			projectDirPath = "";
			projectRoot = "";
			targets = (
				BC7655B3285637C7004EF0A4 /* FubsTask */,
			);
		};
/* End PBXProject section */

/* Begin PBXResourcesBuildPhase section */
		BC7655B2285637C7004EF0A4 /* Resources */ = {
			isa = PBXResourcesBuildPhase;
			buildActionMask = 2147483647;
			files = (
				BC7655C4285637C9004EF0A4 /* LaunchScreen.storyboard in Resources */,
				BC7655C1285637C9004EF0A4 /* Assets.xcassets in Resources */,
				BC7655BF285637C7004EF0A4 /* Main.storyboard in Resources */,
			);
			runOnlyForDeploymentPostprocessing = 0;
		};
/* End PBXResourcesBuildPhase section */

/* Begin PBXSourcesBuildPhase section */
		BC7655B0285637C7004EF0A4 /* Sources */ = {
			isa = PBXSourcesBuildPhase;
			buildActionMask = 2147483647;
			files = (
				BC3F94502859E99A005836FD /* LoginViewController.swift in Sources */,
				BC7655B8285637C7004EF0A4 /* AppDelegate.swift in Sources */,
				BC3F94592859EB0D005836FD /* LoginViewModel.swift in Sources */,
				BC3F945B2859EB5C005836FD /* TextField.swift in Sources */,
				BC3F94602859F788005836FD /* HorizontalCollectionView.swift in Sources */,
				BC7655D12856388C004EF0A4 /* BaseView.swift in Sources */,
				BC7655D5285638C7004EF0A4 /* BaseViewModel.swift in Sources */,
				BC7655BA285637C7004EF0A4 /* SceneDelegate.swift in Sources */,
				BC7655CE28563857004EF0A4 /* StackView.swift in Sources */,
				BC3F94522859EA36005836FD /* Label.swift in Sources */,
				BC3F94622859F7A8005836FD /* HorizontalCollectionViewCell.swift in Sources */,
				BC7655D32856389F004EF0A4 /* BaseViewController.swift in Sources */,
				BC3F94572859EB04005836FD /* LoginView.swift in Sources */,
				BC3F945D2859EB87005836FD /* Button.swift in Sources */,
				BC3F94552859EA7C005836FD /* Color.swift in Sources */,
				BC3F94642859F7DA005836FD /* HorizontalCollectionViewDataSource.swift in Sources */,
			);
			runOnlyForDeploymentPostprocessing = 0;
		};
/* End PBXSourcesBuildPhase section */

/* Begin PBXVariantGroup section */
		BC7655BD285637C7004EF0A4 /* Main.storyboard */ = {
			isa = PBXVariantGroup;
			children = (
				BC7655BE285637C7004EF0A4 /* Base */,
			);
			name = Main.storyboard;
			sourceTree = "<group>";
		};
		BC7655C2285637C9004EF0A4 /* LaunchScreen.storyboard */ = {
			isa = PBXVariantGroup;
			children = (
				BC7655C3285637C9004EF0A4 /* Base */,
			);
			name = LaunchScreen.storyboard;
			sourceTree = "<group>";
		};
/* End PBXVariantGroup section */

/* Begin XCBuildConfiguration section */
		BC7655C6285637C9004EF0A4 /* Debug */ = {
			isa = XCBuildConfiguration;
			buildSettings = {
				ALWAYS_SEARCH_USER_PATHS = NO;
				CLANG_ANALYZER_NONNULL = YES;
				CLANG_ANALYZER_NUMBER_OBJECT_CONVERSION = YES_AGGRESSIVE;
				CLANG_CXX_LANGUAGE_STANDARD = "gnu++17";
				CLANG_ENABLE_MODULES = YES;
				CLANG_ENABLE_OBJC_ARC = YES;
				CLANG_ENABLE_OBJC_WEAK = YES;
				CLANG_WARN_BLOCK_CAPTURE_AUTORELEASING = YES;
				CLANG_WARN_BOOL_CONVERSION = YES;
				CLANG_WARN_COMMA = YES;
				CLANG_WARN_CONSTANT_CONVERSION = YES;
				CLANG_WARN_DEPRECATED_OBJC_IMPLEMENTATIONS = YES;
				CLANG_WARN_DIRECT_OBJC_ISA_USAGE = YES_ERROR;
				CLANG_WARN_DOCUMENTATION_COMMENTS = YES;
				CLANG_WARN_EMPTY_BODY = YES;
				CLANG_WARN_ENUM_CONVERSION = YES;
				CLANG_WARN_INFINITE_RECURSION = YES;
				CLANG_WARN_INT_CONVERSION = YES;
				CLANG_WARN_NON_LITERAL_NULL_CONVERSION = YES;
				CLANG_WARN_OBJC_IMPLICIT_RETAIN_SELF = YES;
				CLANG_WARN_OBJC_LITERAL_CONVERSION = YES;
				CLANG_WARN_OBJC_ROOT_CLASS = YES_ERROR;
				CLANG_WARN_QUOTED_INCLUDE_IN_FRAMEWORK_HEADER = YES;
				CLANG_WARN_RANGE_LOOP_ANALYSIS = YES;
				CLANG_WARN_STRICT_PROTOTYPES = YES;
				CLANG_WARN_SUSPICIOUS_MOVE = YES;
				CLANG_WARN_UNGUARDED_AVAILABILITY = YES_AGGRESSIVE;
				CLANG_WARN_UNREACHABLE_CODE = YES;
				CLANG_WARN__DUPLICATE_METHOD_MATCH = YES;
				COPY_PHASE_STRIP = NO;
				DEBUG_INFORMATION_FORMAT = dwarf;
				ENABLE_STRICT_OBJC_MSGSEND = YES;
				ENABLE_TESTABILITY = YES;
				GCC_C_LANGUAGE_STANDARD = gnu11;
				GCC_DYNAMIC_NO_PIC = NO;
				GCC_NO_COMMON_BLOCKS = YES;
				GCC_OPTIMIZATION_LEVEL = 0;
				GCC_PREPROCESSOR_DEFINITIONS = (
					"DEBUG=1",
					"$(inherited)",
				);
				GCC_WARN_64_TO_32_BIT_CONVERSION = YES;
				GCC_WARN_ABOUT_RETURN_TYPE = YES_ERROR;
				GCC_WARN_UNDECLARED_SELECTOR = YES;
				GCC_WARN_UNINITIALIZED_AUTOS = YES_AGGRESSIVE;
				GCC_WARN_UNUSED_FUNCTION = YES;
				GCC_WARN_UNUSED_VARIABLE = YES;
				IPHONEOS_DEPLOYMENT_TARGET = 15.4;
				MTL_ENABLE_DEBUG_INFO = INCLUDE_SOURCE;
				MTL_FAST_MATH = YES;
				ONLY_ACTIVE_ARCH = YES;
				SDKROOT = iphoneos;
				SWIFT_ACTIVE_COMPILATION_CONDITIONS = DEBUG;
				SWIFT_OPTIMIZATION_LEVEL = "-Onone";
			};
			name = Debug;
		};
		BC7655C7285637C9004EF0A4 /* Release */ = {
			isa = XCBuildConfiguration;
			buildSettings = {
				ALWAYS_SEARCH_USER_PATHS = NO;
				CLANG_ANALYZER_NONNULL = YES;
				CLANG_ANALYZER_NUMBER_OBJECT_CONVERSION = YES_AGGRESSIVE;
				CLANG_CXX_LANGUAGE_STANDARD = "gnu++17";
				CLANG_ENABLE_MODULES = YES;
				CLANG_ENABLE_OBJC_ARC = YES;
				CLANG_ENABLE_OBJC_WEAK = YES;
				CLANG_WARN_BLOCK_CAPTURE_AUTORELEASING = YES;
				CLANG_WARN_BOOL_CONVERSION = YES;
				CLANG_WARN_COMMA = YES;
				CLANG_WARN_CONSTANT_CONVERSION = YES;
				CLANG_WARN_DEPRECATED_OBJC_IMPLEMENTATIONS = YES;
				CLANG_WARN_DIRECT_OBJC_ISA_USAGE = YES_ERROR;
				CLANG_WARN_DOCUMENTATION_COMMENTS = YES;
				CLANG_WARN_EMPTY_BODY = YES;
				CLANG_WARN_ENUM_CONVERSION = YES;
				CLANG_WARN_INFINITE_RECURSION = YES;
				CLANG_WARN_INT_CONVERSION = YES;
				CLANG_WARN_NON_LITERAL_NULL_CONVERSION = YES;
				CLANG_WARN_OBJC_IMPLICIT_RETAIN_SELF = YES;
				CLANG_WARN_OBJC_LITERAL_CONVERSION = YES;
				CLANG_WARN_OBJC_ROOT_CLASS = YES_ERROR;
				CLANG_WARN_QUOTED_INCLUDE_IN_FRAMEWORK_HEADER = YES;
				CLANG_WARN_RANGE_LOOP_ANALYSIS = YES;
				CLANG_WARN_STRICT_PROTOTYPES = YES;
				CLANG_WARN_SUSPICIOUS_MOVE = YES;
				CLANG_WARN_UNGUARDED_AVAILABILITY = YES_AGGRESSIVE;
				CLANG_WARN_UNREACHABLE_CODE = YES;
				CLANG_WARN__DUPLICATE_METHOD_MATCH = YES;
				COPY_PHASE_STRIP = NO;
				DEBUG_INFORMATION_FORMAT = "dwarf-with-dsym";
				ENABLE_NS_ASSERTIONS = NO;
				ENABLE_STRICT_OBJC_MSGSEND = YES;
				GCC_C_LANGUAGE_STANDARD = gnu11;
				GCC_NO_COMMON_BLOCKS = YES;
				GCC_WARN_64_TO_32_BIT_CONVERSION = YES;
				GCC_WARN_ABOUT_RETURN_TYPE = YES_ERROR;
				GCC_WARN_UNDECLARED_SELECTOR = YES;
				GCC_WARN_UNINITIALIZED_AUTOS = YES_AGGRESSIVE;
				GCC_WARN_UNUSED_FUNCTION = YES;
				GCC_WARN_UNUSED_VARIABLE = YES;
				IPHONEOS_DEPLOYMENT_TARGET = 15.4;
				MTL_ENABLE_DEBUG_INFO = NO;
				MTL_FAST_MATH = YES;
				SDKROOT = iphoneos;
				SWIFT_COMPILATION_MODE = wholemodule;
				SWIFT_OPTIMIZATION_LEVEL = "-O";
				VALIDATE_PRODUCT = YES;
			};
			name = Release;
		};
		BC7655C9285637C9004EF0A4 /* Debug */ = {
			isa = XCBuildConfiguration;
			buildSettings = {
				ASSETCATALOG_COMPILER_APPICON_NAME = AppIcon;
				ASSETCATALOG_COMPILER_GLOBAL_ACCENT_COLOR_NAME = AccentColor;
				CODE_SIGN_STYLE = Automatic;
				CURRENT_PROJECT_VERSION = 1;
				GENERATE_INFOPLIST_FILE = YES;
				INFOPLIST_FILE = FubsTask/Info.plist;
				INFOPLIST_KEY_UIApplicationSupportsIndirectInputEvents = YES;
				INFOPLIST_KEY_UILaunchStoryboardName = LaunchScreen;
				INFOPLIST_KEY_UIMainStoryboardFile = Main;
				INFOPLIST_KEY_UISupportedInterfaceOrientations_iPad = "UIInterfaceOrientationPortrait UIInterfaceOrientationPortraitUpsideDown UIInterfaceOrientationLandscapeLeft UIInterfaceOrientationLandscapeRight";
				INFOPLIST_KEY_UISupportedInterfaceOrientations_iPhone = "UIInterfaceOrientationPortrait UIInterfaceOrientationLandscapeLeft UIInterfaceOrientationLandscapeRight";
				LD_RUNPATH_SEARCH_PATHS = (
					"$(inherited)",
					"@executable_path/Frameworks",
				);
				MARKETING_VERSION = 1.0;
				PRODUCT_BUNDLE_IDENTIFIER = com.fups.gokhan.FubsTask;
				PRODUCT_NAME = "$(TARGET_NAME)";
				SWIFT_EMIT_LOC_STRINGS = YES;
				SWIFT_VERSION = 5.0;
				TARGETED_DEVICE_FAMILY = "1,2";
			};
			name = Debug;
		};
		BC7655CA285637C9004EF0A4 /* Release */ = {
			isa = XCBuildConfiguration;
			buildSettings = {
				ASSETCATALOG_COMPILER_APPICON_NAME = AppIcon;
				ASSETCATALOG_COMPILER_GLOBAL_ACCENT_COLOR_NAME = AccentColor;
				CODE_SIGN_STYLE = Automatic;
				CURRENT_PROJECT_VERSION = 1;
				GENERATE_INFOPLIST_FILE = YES;
				INFOPLIST_FILE = FubsTask/Info.plist;
				INFOPLIST_KEY_UIApplicationSupportsIndirectInputEvents = YES;
				INFOPLIST_KEY_UILaunchStoryboardName = LaunchScreen;
				INFOPLIST_KEY_UIMainStoryboardFile = Main;
				INFOPLIST_KEY_UISupportedInterfaceOrientations_iPad = "UIInterfaceOrientationPortrait UIInterfaceOrientationPortraitUpsideDown UIInterfaceOrientationLandscapeLeft UIInterfaceOrientationLandscapeRight";
				INFOPLIST_KEY_UISupportedInterfaceOrientations_iPhone = "UIInterfaceOrientationPortrait UIInterfaceOrientationLandscapeLeft UIInterfaceOrientationLandscapeRight";
				LD_RUNPATH_SEARCH_PATHS = (
					"$(inherited)",
					"@executable_path/Frameworks",
				);
				MARKETING_VERSION = 1.0;
				PRODUCT_BUNDLE_IDENTIFIER = com.fups.gokhan.FubsTask;
				PRODUCT_NAME = "$(TARGET_NAME)";
				SWIFT_EMIT_LOC_STRINGS = YES;
				SWIFT_VERSION = 5.0;
				TARGETED_DEVICE_FAMILY = "1,2";
			};
			name = Release;
		};
/* End XCBuildConfiguration section */

/* Begin XCConfigurationList section */
		BC7655AF285637C7004EF0A4 /* Build configuration list for PBXProject "FubsTask" */ = {
			isa = XCConfigurationList;
			buildConfigurations = (
				BC7655C6285637C9004EF0A4 /* Debug */,
				BC7655C7285637C9004EF0A4 /* Release */,
			);
			defaultConfigurationIsVisible = 0;
			defaultConfigurationName = Release;
		};
		BC7655C8285637C9004EF0A4 /* Build configuration list for PBXNativeTarget "FubsTask" */ = {
			isa = XCConfigurationList;
			buildConfigurations = (
				BC7655C9285637C9004EF0A4 /* Debug */,
				BC7655CA285637C9004EF0A4 /* Release */,
			);
			defaultConfigurationIsVisible = 0;
			defaultConfigurationName = Release;
		};
/* End XCConfigurationList section */
	};
	rootObject = BC7655AC285637C7004EF0A4 /* Project object */;
}
